
Microsoft Visual Studio Solution File, Format Version 12.00
# Visual Studio Version 17
VisualStudioVersion = 17.2.32630.192
MinimumVisualStudioVersion = 10.0.40219.1
Project("{FAE04EC0-301F-11D3-BF4B-00C04F79EFBC}") = "LeaveManagement.Web", "LeaveManagement.Web\LeaveManagement.Web.csproj", "{35E7B616-1123-4C4F-83AB-1723421EE62E}"
EndProject
Global
	GlobalSection(SolutionConfigurationPlatforms) = preSolution
		Debug|Any CPU = Debug|Any CPU
		Release|Any CPU = Release|Any CPU
	EndGlobalSection
	GlobalSection(ProjectConfigurationPlatforms) = postSolution
		{35E7B616-1123-4C4F-83AB-1723421EE62E}.Debug|Any CPU.ActiveCfg = Debug|Any CPU
		{35E7B616-1123-4C4F-83AB-1723421EE62E}.Debug|Any CPU.Build.0 = Debug|Any CPU
		{35E7B616-1123-4C4F-83AB-1723421EE62E}.Release|Any CPU.ActiveCfg = Release|Any CPU
		{35E7B616-1123-4C4F-83AB-1723421EE62E}.Release|Any CPU.Build.0 = Release|Any CPU
	EndGlobalSection
	GlobalSection(SolutionProperties) = preSolution
		HideSolutionNode = FALSE
	EndGlobalSection
	GlobalSection(ExtensibilityGlobals) = postSolution
		SolutionGuid = {AB429A0A-8CF8-4C78-A17C-26B32CE687EC}
	EndGlobalSection
EndGlobal
